
Microsoft Visual Studio Solution File, Format Version 12.00
# Visual Studio Version 16
VisualStudioVersion = 16.0.29411.108
MinimumVisualStudioVersion = 10.0.40219.1
Project("{9A19103F-16F7-4668-BE54-9A1E7A4F7556}") = "IdentityServerAspNetIdentity", "IdentityServerAspNetIdentity.csproj", "{FAB9677A-1504-44F3-BFCB-51A73A902DC8}"
EndProject
Global
	GlobalSection(SolutionConfigurationPlatforms) = preSolution
		Debug|Any CPU = Debug|Any CPU
		Release|Any CPU = Release|Any CPU
	EndGlobalSection
	GlobalSection(ProjectConfigurationPlatforms) = postSolution
		{FAB9677A-1504-44F3-BFCB-51A73A902DC8}.Debug|Any CPU.ActiveCfg = Debug|Any CPU
		{FAB9677A-1504-44F3-BFCB-51A73A902DC8}.Debug|Any CPU.Build.0 = Debug|Any CPU
		{FAB9677A-1504-44F3-BFCB-51A73A902DC8}.Release|Any CPU.ActiveCfg = Release|Any CPU
		{FAB9677A-1504-44F3-BFCB-51A73A902DC8}.Release|Any CPU.Build.0 = Release|Any CPU
	EndGlobalSection
	GlobalSection(SolutionProperties) = preSolution
		HideSolutionNode = FALSE
	EndGlobalSection
	GlobalSection(ExtensibilityGlobals) = postSolution
		SolutionGuid = {9208B1FC-7442-4417-8D78-E58339D66E6D}
	EndGlobalSection
EndGlobal
